
Microsoft Visual Studio Solution File, Format Version 12.00
# Visual Studio 15
VisualStudioVersion = 15.0.28010.2003
MinimumVisualStudioVersion = 10.0.40219.1
Project("{FAE04EC0-301F-11D3-BF4B-00C04F79EFBC}") = "App2.Android", "App2\App2.Android\App2.Android.csproj", "{673C0782-9D1F-48E5-AEC4-C73958B337DA}"
EndProject
Project("{FAE04EC0-301F-11D3-BF4B-00C04F79EFBC}") = "App2.iOS", "App2\App2.iOS\App2.iOS.csproj", "{D7D5E2D2-B197-44F2-8F36-A5DB781FF058}"
EndProject
Project("{FAE04EC0-301F-11D3-BF4B-00C04F79EFBC}") = "App2", "App2\App2\App2.csproj", "{6EFE842F-D6A7-4731-9E57-50195A3FA3FA}"
EndProject
Global
	GlobalSection(SolutionConfigurationPlatforms) = preSolution
		Ad-Hoc|Any CPU = Ad-Hoc|Any CPU
		Ad-Hoc|iPhone = Ad-Hoc|iPhone
		Ad-Hoc|iPhoneSimulator = Ad-Hoc|iPhoneSimulator
		AppStore|Any CPU = AppStore|Any CPU
		AppStore|iPhone = AppStore|iPhone
		AppStore|iPhoneSimulator = AppStore|iPhoneSimulator
		Debug|Any CPU = Debug|Any CPU
		Debug|iPhone = Debug|iPhone
		Debug|iPhoneSimulator = Debug|iPhoneSimulator
		Release|Any CPU = Release|Any CPU
		Release|iPhone = Release|iPhone
		Release|iPhoneSimulator = Release|iPhoneSimulator
	EndGlobalSection
	GlobalSection(ProjectConfigurationPlatforms) = postSolution
		{673C0782-9D1F-48E5-AEC4-C73958B337DA}.Ad-Hoc|Any CPU.ActiveCfg = Release|Any CPU
		{673C0782-9D1F-48E5-AEC4-C73958B337DA}.Ad-Hoc|Any CPU.Build.0 = Release|Any CPU
		{673C0782-9D1F-48E5-AEC4-C73958B337DA}.Ad-Hoc|Any CPU.Deploy.0 = Release|Any CPU
		{673C0782-9D1F-48E5-AEC4-C73958B337DA}.Ad-Hoc|iPhone.ActiveCfg = Release|Any CPU
		{673C0782-9D1F-48E5-AEC4-C73958B337DA}.Ad-Hoc|iPhone.Build.0 = Release|Any CPU
		{673C0782-9D1F-48E5-AEC4-C73958B337DA}.Ad-Hoc|iPhone.Deploy.0 = Release|Any CPU
		{673C0782-9D1F-48E5-AEC4-C73958B337DA}.Ad-Hoc|iPhoneSimulator.ActiveCfg = Release|Any CPU
		{673C0782-9D1F-48E5-AEC4-C73958B337DA}.Ad-Hoc|iPhoneSimulator.Build.0 = Release|Any CPU
		{673C0782-9D1F-48E5-AEC4-C73958B337DA}.Ad-Hoc|iPhoneSimulator.Deploy.0 = Release|Any CPU
		{673C0782-9D1F-48E5-AEC4-C73958B337DA}.AppStore|Any CPU.ActiveCfg = Release|Any CPU
		{673C0782-9D1F-48E5-AEC4-C73958B337DA}.AppStore|Any CPU.Build.0 = Release|Any CPU
		{673C0782-9D1F-48E5-AEC4-C73958B337DA}.AppStore|Any CPU.Deploy.0 = Release|Any CPU
		{673C0782-9D1F-48E5-AEC4-C73958B337DA}.AppStore|iPhone.ActiveCfg = Release|Any CPU
		{673C0782-9D1F-48E5-AEC4-C73958B337DA}.AppStore|iPhone.Build.0 = Release|Any CPU
		{673C0782-9D1F-48E5-AEC4-C73958B337DA}.AppStore|iPhone.Deploy.0 = Release|Any CPU
		{673C0782-9D1F-48E5-AEC4-C73958B337DA}.AppStore|iPhoneSimulator.ActiveCfg = Release|Any CPU
		{673C0782-9D1F-48E5-AEC4-C73958B337DA}.AppStore|iPhoneSimulator.Build.0 = Release|Any CPU
		{673C0782-9D1F-48E5-AEC4-C73958B337DA}.AppStore|iPhoneSimulator.Deploy.0 = Release|Any CPU
		{673C0782-9D1F-48E5-AEC4-C73958B337DA}.Debug|Any CPU.ActiveCfg = Debug|Any CPU
		{673C0782-9D1F-48E5-AEC4-C73958B337DA}.Debug|Any CPU.Build.0 = Debug|Any CPU
		{673C0782-9D1F-48E5-AEC4-C73958B337DA}.Debug|Any CPU.Deploy.0 = Debug|Any CPU
		{673C0782-9D1F-48E5-AEC4-C73958B337DA}.Debug|iPhone.ActiveCfg = Debug|Any CPU
		{673C0782-9D1F-48E5-AEC4-C73958B337DA}.Debug|iPhone.Build.0 = Debug|Any CPU
		{673C0782-9D1F-48E5-AEC4-C73958B337DA}.Debug|iPhone.Deploy.0 = Debug|Any CPU
		{673C0782-9D1F-48E5-AEC4-C73958B337DA}.Debug|iPhoneSimulator.ActiveCfg = Debug|Any CPU
		{673C0782-9D1F-48E5-AEC4-C73958B337DA}.Debug|iPhoneSimulator.Build.0 = Debug|Any CPU
		{673C0782-9D1F-48E5-AEC4-C73958B337DA}.Debug|iPhoneSimulator.Deploy.0 = Debug|Any CPU
		{673C0782-9D1F-48E5-AEC4-C73958B337DA}.Release|Any CPU.ActiveCfg = Release|Any CPU
		{673C0782-9D1F-48E5-AEC4-C73958B337DA}.Release|Any CPU.Build.0 = Release|Any CPU
		{673C0782-9D1F-48E5-AEC4-C73958B337DA}.Release|Any CPU.Deploy.0 = Release|Any CPU
		{673C0782-9D1F-48E5-AEC4-C73958B337DA}.Release|iPhone.ActiveCfg = Release|Any CPU
		{673C0782-9D1F-48E5-AEC4-C73958B337DA}.Release|iPhone.Build.0 = Release|Any CPU
		{673C0782-9D1F-48E5-AEC4-C73958B337DA}.Release|iPhone.Deploy.0 = Release|Any CPU
		{673C0782-9D1F-48E5-AEC4-C73958B337DA}.Release|iPhoneSimulator.ActiveCfg = Release|Any CPU
		{673C0782-9D1F-48E5-AEC4-C73958B337DA}.Release|iPhoneSimulator.Build.0 = Release|Any CPU
		{673C0782-9D1F-48E5-AEC4-C73958B337DA}.Release|iPhoneSimulator.Deploy.0 = Release|Any CPU
		{D7D5E2D2-B197-44F2-8F36-A5DB781FF058}.Ad-Hoc|Any CPU.ActiveCfg = Ad-Hoc|iPhone
		{D7D5E2D2-B197-44F2-8F36-A5DB781FF058}.Ad-Hoc|Any CPU.Build.0 = Ad-Hoc|iPhone
		{D7D5E2D2-B197-44F2-8F36-A5DB781FF058}.Ad-Hoc|Any CPU.Deploy.0 = Ad-Hoc|iPhone
		{D7D5E2D2-B197-44F2-8F36-A5DB781FF058}.Ad-Hoc|iPhone.ActiveCfg = Ad-Hoc|iPhone
		{D7D5E2D2-B197-44F2-8F36-A5DB781FF058}.Ad-Hoc|iPhone.Build.0 = Ad-Hoc|iPhone
		{D7D5E2D2-B197-44F2-8F36-A5DB781FF058}.Ad-Hoc|iPhone.Deploy.0 = Ad-Hoc|iPhone
		{D7D5E2D2-B197-44F2-8F36-A5DB781FF058}.Ad-Hoc|iPhoneSimulator.ActiveCfg = Ad-Hoc|iPhoneSimulator
		{D7D5E2D2-B197-44F2-8F36-A5DB781FF058}.Ad-Hoc|iPhoneSimulator.Build.0 = Ad-Hoc|iPhoneSimulator
		{D7D5E2D2-B197-44F2-8F36-A5DB781FF058}.Ad-Hoc|iPhoneSimulator.Deploy.0 = Ad-Hoc|iPhoneSimulator
		{D7D5E2D2-B197-44F2-8F36-A5DB781FF058}.AppStore|Any CPU.ActiveCfg = AppStore|iPhone
		{D7D5E2D2-B197-44F2-8F36-A5DB781FF058}.AppStore|Any CPU.Build.0 = AppStore|iPhone
		{D7D5E2D2-B197-44F2-8F36-A5DB781FF058}.AppStore|Any CPU.Deploy.0 = AppStore|iPhone
		{D7D5E2D2-B197-44F2-8F36-A5DB781FF058}.AppStore|iPhone.ActiveCfg = AppStore|iPhone
		{D7D5E2D2-B197-44F2-8F36-A5DB781FF058}.AppStore|iPhone.Build.0 = AppStore|iPhone
		{D7D5E2D2-B197-44F2-8F36-A5DB781FF058}.AppStore|iPhone.Deploy.0 = AppStore|iPhone
		{D7D5E2D2-B197-44F2-8F36-A5DB781FF058}.AppStore|iPhoneSimulator.ActiveCfg = AppStore|iPhoneSimulator
		{D7D5E2D2-B197-44F2-8F36-A5DB781FF058}.AppStore|iPhoneSimulator.Build.0 = AppStore|iPhoneSimulator
		{D7D5E2D2-B197-44F2-8F36-A5DB781FF058}.AppStore|iPhoneSimulator.Deploy.0 = AppStore|iPhoneSimulator
		{D7D5E2D2-B197-44F2-8F36-A5DB781FF058}.Debug|Any CPU.ActiveCfg = Debug|iPhoneSimulator
		{D7D5E2D2-B197-44F2-8F36-A5DB781FF058}.Debug|Any CPU.Build.0 = Debug|iPhoneSimulator
		{D7D5E2D2-B197-44F2-8F36-A5DB781FF058}.Debug|Any CPU.Deploy.0 = Debug|iPhoneSimulator
		{D7D5E2D2-B197-44F2-8F36-A5DB781FF058}.Debug|iPhone.ActiveCfg = Debug|iPhone
		{D7D5E2D2-B197-44F2-8F36-A5DB781FF058}.Debug|iPhone.Build.0 = Debug|iPhone
		{D7D5E2D2-B197-44F2-8F36-A5DB781FF058}.Debug|iPhone.Deploy.0 = Debug|iPhone
		{D7D5E2D2-B197-44F2-8F36-A5DB781FF058}.Debug|iPhoneSimulator.ActiveCfg = Debug|iPhoneSimulator
		{D7D5E2D2-B197-44F2-8F36-A5DB781FF058}.Debug|iPhoneSimulator.Build.0 = Debug|iPhoneSimulator
		{D7D5E2D2-B197-44F2-8F36-A5DB781FF058}.Debug|iPhoneSimulator.Deploy.0 = Debug|iPhoneSimulator
		{D7D5E2D2-B197-44F2-8F36-A5DB781FF058}.Release|Any CPU.ActiveCfg = Release|iPhone
		{D7D5E2D2-B197-44F2-8F36-A5DB781FF058}.Release|Any CPU.Build.0 = Release|iPhone
		{D7D5E2D2-B197-44F2-8F36-A5DB781FF058}.Release|Any CPU.Deploy.0 = Release|iPhone
		{D7D5E2D2-B197-44F2-8F36-A5DB781FF058}.Release|iPhone.ActiveCfg = Release|iPhone
		{D7D5E2D2-B197-44F2-8F36-A5DB781FF058}.Release|iPhone.Build.0 = Release|iPhone
		{D7D5E2D2-B197-44F2-8F36-A5DB781FF058}.Release|iPhone.Deploy.0 = Release|iPhone
		{D7D5E2D2-B197-44F2-8F36-A5DB781FF058}.Release|iPhoneSimulator.ActiveCfg = Release|iPhoneSimulator
		{D7D5E2D2-B197-44F2-8F36-A5DB781FF058}.Release|iPhoneSimulator.Build.0 = Release|iPhoneSimulator
		{D7D5E2D2-B197-44F2-8F36-A5DB781FF058}.Release|iPhoneSimulator.Deploy.0 = Release|iPhoneSimulator
		{6EFE842F-D6A7-4731-9E57-50195A3FA3FA}.Ad-Hoc|Any CPU.ActiveCfg = Debug|Any CPU
		{6EFE842F-D6A7-4731-9E57-50195A3FA3FA}.Ad-Hoc|Any CPU.Build.0 = Debug|Any CPU
		{6EFE842F-D6A7-4731-9E57-50195A3FA3FA}.Ad-Hoc|Any CPU.Deploy.0 = Debug|Any CPU
		{6EFE842F-D6A7-4731-9E57-50195A3FA3FA}.Ad-Hoc|iPhone.ActiveCfg = Debug|Any CPU
		{6EFE842F-D6A7-4731-9E57-50195A3FA3FA}.Ad-Hoc|iPhone.Build.0 = Debug|Any CPU
		{6EFE842F-D6A7-4731-9E57-50195A3FA3FA}.Ad-Hoc|iPhone.Deploy.0 = Debug|Any CPU
		{6EFE842F-D6A7-4731-9E57-50195A3FA3FA}.Ad-Hoc|iPhoneSimulator.ActiveCfg = Debug|Any CPU
		{6EFE842F-D6A7-4731-9E57-50195A3FA3FA}.Ad-Hoc|iPhoneSimulator.Build.0 = Debug|Any CPU
		{6EFE842F-D6A7-4731-9E57-50195A3FA3FA}.Ad-Hoc|iPhoneSimulator.Deploy.0 = Debug|Any CPU
		{6EFE842F-D6A7-4731-9E57-50195A3FA3FA}.AppStore|Any CPU.ActiveCfg = Debug|Any CPU
		{6EFE842F-D6A7-4731-9E57-50195A3FA3FA}.AppStore|Any CPU.Build.0 = Debug|Any CPU
		{6EFE842F-D6A7-4731-9E57-50195A3FA3FA}.AppStore|Any CPU.Deploy.0 = Debug|Any CPU
		{6EFE842F-D6A7-4731-9E57-50195A3FA3FA}.AppStore|iPhone.ActiveCfg = Debug|Any CPU
		{6EFE842F-D6A7-4731-9E57-50195A3FA3FA}.AppStore|iPhone.Build.0 = Debug|Any CPU
		{6EFE842F-D6A7-4731-9E57-50195A3FA3FA}.AppStore|iPhone.Deploy.0 = Debug|Any CPU
		{6EFE842F-D6A7-4731-9E57-50195A3FA3FA}.AppStore|iPhoneSimulator.ActiveCfg = Debug|Any CPU
		{6EFE842F-D6A7-4731-9E57-50195A3FA3FA}.AppStore|iPhoneSimulator.Build.0 = Debug|Any CPU
		{6EFE842F-D6A7-4731-9E57-50195A3FA3FA}.AppStore|iPhoneSimulator.Deploy.0 = Debug|Any CPU
		{6EFE842F-D6A7-4731-9E57-50195A3FA3FA}.Debug|Any CPU.ActiveCfg = Debug|Any CPU
		{6EFE842F-D6A7-4731-9E57-50195A3FA3FA}.Debug|Any CPU.Build.0 = Debug|Any CPU
		{6EFE842F-D6A7-4731-9E57-50195A3FA3FA}.Debug|Any CPU.Deploy.0 = Debug|Any CPU
		{6EFE842F-D6A7-4731-9E57-50195A3FA3FA}.Debug|iPhone.ActiveCfg = Debug|Any CPU
		{6EFE842F-D6A7-4731-9E57-50195A3FA3FA}.Debug|iPhone.Build.0 = Debug|Any CPU
		{6EFE842F-D6A7-4731-9E57-50195A3FA3FA}.Debug|iPhone.Deploy.0 = Debug|Any CPU
		{6EFE842F-D6A7-4731-9E57-50195A3FA3FA}.Debug|iPhoneSimulator.ActiveCfg = Debug|Any CPU
		{6EFE842F-D6A7-4731-9E57-50195A3FA3FA}.Debug|iPhoneSimulator.Build.0 = Debug|Any CPU
		{6EFE842F-D6A7-4731-9E57-50195A3FA3FA}.Debug|iPhoneSimulator.Deploy.0 = Debug|Any CPU
		{6EFE842F-D6A7-4731-9E57-50195A3FA3FA}.Release|Any CPU.ActiveCfg = Release|Any CPU
		{6EFE842F-D6A7-4731-9E57-50195A3FA3FA}.Release|Any CPU.Build.0 = Release|Any CPU
		{6EFE842F-D6A7-4731-9E57-50195A3FA3FA}.Release|Any CPU.Deploy.0 = Release|Any CPU
		{6EFE842F-D6A7-4731-9E57-50195A3FA3FA}.Release|iPhone.ActiveCfg = Release|Any CPU
		{6EFE842F-D6A7-4731-9E57-50195A3FA3FA}.Release|iPhone.Build.0 = Release|Any CPU
		{6EFE842F-D6A7-4731-9E57-50195A3FA3FA}.Release|iPhone.Deploy.0 = Release|Any CPU
		{6EFE842F-D6A7-4731-9E57-50195A3FA3FA}.Release|iPhoneSimulator.ActiveCfg = Release|Any CPU
		{6EFE842F-D6A7-4731-9E57-50195A3FA3FA}.Release|iPhoneSimulator.Build.0 = Release|Any CPU
		{6EFE842F-D6A7-4731-9E57-50195A3FA3FA}.Release|iPhoneSimulator.Deploy.0 = Release|Any CPU
	EndGlobalSection
	GlobalSection(SolutionProperties) = preSolution
		HideSolutionNode = FALSE
	EndGlobalSection
	GlobalSection(ExtensibilityGlobals) = postSolution
		SolutionGuid = {7359CF9E-1AAD-442B-A95D-69801F5908D1}
	EndGlobalSection
EndGlobal
